
Microsoft Visual Studio Solution File, Format Version 12.00
# Visual Studio 15
VisualStudioVersion = 15.0.27428.2002
MinimumVisualStudioVersion = 10.0.40219.1
Project("{FAE04EC0-301F-11D3-BF4B-00C04F79EFBC}") = "UWPApp", "UWPApp\UWPApp.csproj", "{E626136F-B68D-47D4-8418-4948F7260B77}"
EndProject
Global
	GlobalSection(SolutionConfigurationPlatforms) = preSolution
		Debug|ARM = Debug|ARM
		Debug|x64 = Debug|x64
		Debug|x86 = Debug|x86
		Release|ARM = Release|ARM
		Release|x64 = Release|x64
		Release|x86 = Release|x86
	EndGlobalSection
	GlobalSection(ProjectConfigurationPlatforms) = postSolution
		{E626136F-B68D-47D4-8418-4948F7260B77}.Debug|ARM.ActiveCfg = Debug|ARM
		{E626136F-B68D-47D4-8418-4948F7260B77}.Debug|ARM.Build.0 = Debug|ARM
		{E626136F-B68D-47D4-8418-4948F7260B77}.Debug|ARM.Deploy.0 = Debug|ARM
		{E626136F-B68D-47D4-8418-4948F7260B77}.Debug|x64.ActiveCfg = Debug|x64
		{E626136F-B68D-47D4-8418-4948F7260B77}.Debug|x64.Build.0 = Debug|x64
		{E626136F-B68D-47D4-8418-4948F7260B77}.Debug|x64.Deploy.0 = Debug|x64
		{E626136F-B68D-47D4-8418-4948F7260B77}.Debug|x86.ActiveCfg = Debug|x86
		{E626136F-B68D-47D4-8418-4948F7260B77}.Debug|x86.Build.0 = Debug|x86
		{E626136F-B68D-47D4-8418-4948F7260B77}.Debug|x86.Deploy.0 = Debug|x86
		{E626136F-B68D-47D4-8418-4948F7260B77}.Release|ARM.ActiveCfg = Release|ARM
		{E626136F-B68D-47D4-8418-4948F7260B77}.Release|ARM.Build.0 = Release|ARM
		{E626136F-B68D-47D4-8418-4948F7260B77}.Release|ARM.Deploy.0 = Release|ARM
		{E626136F-B68D-47D4-8418-4948F7260B77}.Release|x64.ActiveCfg = Release|x64
		{E626136F-B68D-47D4-8418-4948F7260B77}.Release|x64.Build.0 = Release|x64
		{E626136F-B68D-47D4-8418-4948F7260B77}.Release|x64.Deploy.0 = Release|x64
		{E626136F-B68D-47D4-8418-4948F7260B77}.Release|x86.ActiveCfg = Release|x86
		{E626136F-B68D-47D4-8418-4948F7260B77}.Release|x86.Build.0 = Release|x86
		{E626136F-B68D-47D4-8418-4948F7260B77}.Release|x86.Deploy.0 = Release|x86
	EndGlobalSection
	GlobalSection(SolutionProperties) = preSolution
		HideSolutionNode = FALSE
	EndGlobalSection
	GlobalSection(ExtensibilityGlobals) = postSolution
		SolutionGuid = {38131D71-AF27-4BF6-8055-1F8FCD3D5430}
	EndGlobalSection
EndGlobal
